// !$*UTF8*$!
{
	archiveVersion = 1;
	classes = {
	};
	objectVersion = 46;
	objects = {

/* Begin PBXBuildFile section */
		5568E68F1B825E0300798D72 /* main.m in Sources */ = {isa = PBXBuildFile; fileRef = 5568E68E1B825E0300798D72 /* main.m */; };
		5568E6921B825E0300798D72 /* AppDelegate.m in Sources */ = {isa = PBXBuildFile; fileRef = 5568E6911B825E0300798D72 /* AppDelegate.m */; };
		5568E6981B825E0300798D72 /* Main.storyboard in Resources */ = {isa = PBXBuildFile; fileRef = 5568E6961B825E0300798D72 /* Main.storyboard */; };
		5568E69A1B825E0300798D72 /* Images.xcassets in Resources */ = {isa = PBXBuildFile; fileRef = 5568E6991B825E0300798D72 /* Images.xcassets */; };
		5568E69D1B825E0300798D72 /* LaunchScreen.xib in Resources */ = {isa = PBXBuildFile; fileRef = 5568E69B1B825E0300798D72 /* LaunchScreen.xib */; };
		5568E6A91B825E0400798D72 /* CoreDataStackTests.m in Sources */ = {isa = PBXBuildFile; fileRef = 5568E6A81B825E0400798D72 /* CoreDataStackTests.m */; };
		5568E6B41B825FD600798D72 /* JALCoreDataStack.m in Sources */ = {isa = PBXBuildFile; fileRef = 5568E6B31B825FD600798D72 /* JALCoreDataStack.m */; };
		5568E6B71B82601800798D72 /* CoreDataStack.xcdatamodeld in Sources */ = {isa = PBXBuildFile; fileRef = 5568E6B51B82601800798D72 /* CoreDataStack.xcdatamodeld */; };
		55AA560D1B87CE4600D9DEF8 /* JALTableViewController.m in Sources */ = {isa = PBXBuildFile; fileRef = 55AA560C1B87CE4600D9DEF8 /* JALTableViewController.m */; };
		55AA56101B87CE6100D9DEF8 /* JALTableViewCell.m in Sources */ = {isa = PBXBuildFile; fileRef = 55AA560F1B87CE6100D9DEF8 /* JALTableViewCell.m */; };
		55AA56131B87E86200D9DEF8 /* RecipeIngredient.m in Sources */ = {isa = PBXBuildFile; fileRef = 55AA56121B87E86200D9DEF8 /* RecipeIngredient.m */; };
		55AA56161B87E86300D9DEF8 /* Recipe.m in Sources */ = {isa = PBXBuildFile; fileRef = 55AA56151B87E86300D9DEF8 /* Recipe.m */; };
		55AA56191B87E86300D9DEF8 /* RecipeImage.m in Sources */ = {isa = PBXBuildFile; fileRef = 55AA56181B87E86300D9DEF8 /* RecipeImage.m */; };
		55AA561C1B87E86300D9DEF8 /* Type.m in Sources */ = {isa = PBXBuildFile; fileRef = 55AA561B1B87E86300D9DEF8 /* Type.m */; };
		55AA56221B87F73500D9DEF8 /* JALDetailViewController.m in Sources */ = {isa = PBXBuildFile; fileRef = 55AA56211B87F73500D9DEF8 /* JALDetailViewController.m */; };
/* End PBXBuildFile section */

/* Begin PBXContainerItemProxy section */
		5568E6A31B825E0300798D72 /* PBXContainerItemProxy */ = {
			isa = PBXContainerItemProxy;
			containerPortal = 5568E6811B825E0300798D72 /* Project object */;
			proxyType = 1;
			remoteGlobalIDString = 5568E6881B825E0300798D72;
			remoteInfo = CoreDataStack;
		};
/* End PBXContainerItemProxy section */

/* Begin PBXFileReference section */
		5568E6891B825E0300798D72 /* CoreDataStack.app */ = {isa = PBXFileReference; explicitFileType = wrapper.application; includeInIndex = 0; path = CoreDataStack.app; sourceTree = BUILT_PRODUCTS_DIR; };
		5568E68D1B825E0300798D72 /* Info.plist */ = {isa = PBXFileReference; lastKnownFileType = text.plist.xml; path = Info.plist; sourceTree = "<group>"; };
		5568E68E1B825E0300798D72 /* main.m */ = {isa = PBXFileReference; lastKnownFileType = sourcecode.c.objc; path = main.m; sourceTree = "<group>"; };
		5568E6901B825E0300798D72 /* AppDelegate.h */ = {isa = PBXFileReference; lastKnownFileType = sourcecode.c.h; path = AppDelegate.h; sourceTree = "<group>"; };
		5568E6911B825E0300798D72 /* AppDelegate.m */ = {isa = PBXFileReference; lastKnownFileType = sourcecode.c.objc; path = AppDelegate.m; sourceTree = "<group>"; };
		5568E6971B825E0300798D72 /* Base */ = {isa = PBXFileReference; lastKnownFileType = file.storyboard; name = Base; path = Base.lproj/Main.storyboard; sourceTree = "<group>"; };
		5568E6991B825E0300798D72 /* Images.xcassets */ = {isa = PBXFileReference; lastKnownFileType = folder.assetcatalog; path = Images.xcassets; sourceTree = "<group>"; };
		5568E69C1B825E0300798D72 /* Base */ = {isa = PBXFileReference; lastKnownFileType = file.xib; name = Base; path = Base.lproj/LaunchScreen.xib; sourceTree = "<group>"; };
		5568E6A21B825E0300798D72 /* CoreDataStackTests.xctest */ = {isa = PBXFileReference; explicitFileType = wrapper.cfbundle; includeInIndex = 0; path = CoreDataStackTests.xctest; sourceTree = BUILT_PRODUCTS_DIR; };
		5568E6A71B825E0400798D72 /* Info.plist */ = {isa = PBXFileReference; lastKnownFileType = text.plist.xml; path = Info.plist; sourceTree = "<group>"; };
		5568E6A81B825E0400798D72 /* CoreDataStackTests.m */ = {isa = PBXFileReference; lastKnownFileType = sourcecode.c.objc; path = CoreDataStackTests.m; sourceTree = "<group>"; };
		5568E6B21B825FD600798D72 /* JALCoreDataStack.h */ = {isa = PBXFileReference; fileEncoding = 4; lastKnownFileType = sourcecode.c.h; path = JALCoreDataStack.h; sourceTree = "<group>"; };
		5568E6B31B825FD600798D72 /* JALCoreDataStack.m */ = {isa = PBXFileReference; fileEncoding = 4; lastKnownFileType = sourcecode.c.objc; path = JALCoreDataStack.m; sourceTree = "<group>"; };
		5568E6B61B82601800798D72 /* CoreDataStack.xcdatamodel */ = {isa = PBXFileReference; lastKnownFileType = wrapper.xcdatamodel; path = CoreDataStack.xcdatamodel; sourceTree = "<group>"; };
		5568E6B91B83CE6F00798D72 /* JALLog.h */ = {isa = PBXFileReference; lastKnownFileType = sourcecode.c.h; path = JALLog.h; sourceTree = "<group>"; };
		55AA560B1B87CE4600D9DEF8 /* JALTableViewController.h */ = {isa = PBXFileReference; fileEncoding = 4; lastKnownFileType = sourcecode.c.h; path = JALTableViewController.h; sourceTree = "<group>"; };
		55AA560C1B87CE4600D9DEF8 /* JALTableViewController.m */ = {isa = PBXFileReference; fileEncoding = 4; lastKnownFileType = sourcecode.c.objc; path = JALTableViewController.m; sourceTree = "<group>"; };
		55AA560E1B87CE6100D9DEF8 /* JALTableViewCell.h */ = {isa = PBXFileReference; fileEncoding = 4; lastKnownFileType = sourcecode.c.h; path = JALTableViewCell.h; sourceTree = "<group>"; };
		55AA560F1B87CE6100D9DEF8 /* JALTableViewCell.m */ = {isa = PBXFileReference; fileEncoding = 4; lastKnownFileType = sourcecode.c.objc; path = JALTableViewCell.m; sourceTree = "<group>"; };
		55AA56111B87E86200D9DEF8 /* RecipeIngredient.h */ = {isa = PBXFileReference; fileEncoding = 4; lastKnownFileType = sourcecode.c.h; path = RecipeIngredient.h; sourceTree = "<group>"; };
		55AA56121B87E86200D9DEF8 /* RecipeIngredient.m */ = {isa = PBXFileReference; fileEncoding = 4; lastKnownFileType = sourcecode.c.objc; path = RecipeIngredient.m; sourceTree = "<group>"; };
		55AA56141B87E86300D9DEF8 /* Recipe.h */ = {isa = PBXFileReference; fileEncoding = 4; lastKnownFileType = sourcecode.c.h; path = Recipe.h; sourceTree = "<group>"; };
		55AA56151B87E86300D9DEF8 /* Recipe.m */ = {isa = PBXFileReference; fileEncoding = 4; lastKnownFileType = sourcecode.c.objc; path = Recipe.m; sourceTree = "<group>"; };
		55AA56171B87E86300D9DEF8 /* RecipeImage.h */ = {isa = PBXFileReference; fileEncoding = 4; lastKnownFileType = sourcecode.c.h; path = RecipeImage.h; sourceTree = "<group>"; };
		55AA56181B87E86300D9DEF8 /* RecipeImage.m */ = {isa = PBXFileReference; fileEncoding = 4; lastKnownFileType = sourcecode.c.objc; path = RecipeImage.m; sourceTree = "<group>"; };
		55AA561A1B87E86300D9DEF8 /* Type.h */ = {isa = PBXFileReference; fileEncoding = 4; lastKnownFileType = sourcecode.c.h; path = Type.h; sourceTree = "<group>"; };
		55AA561B1B87E86300D9DEF8 /* Type.m */ = {isa = PBXFileReference; fileEncoding = 4; lastKnownFileType = sourcecode.c.objc; path = Type.m; sourceTree = "<group>"; };
		55AA56201B87F73500D9DEF8 /* JALDetailViewController.h */ = {isa = PBXFileReference; fileEncoding = 4; lastKnownFileType = sourcecode.c.h; path = JALDetailViewController.h; sourceTree = "<group>"; };
		55AA56211B87F73500D9DEF8 /* JALDetailViewController.m */ = {isa = PBXFileReference; fileEncoding = 4; lastKnownFileType = sourcecode.c.objc; path = JALDetailViewController.m; sourceTree = "<group>"; };
/* End PBXFileReference section */

/* Begin PBXFrameworksBuildPhase section */
		5568E6861B825E0300798D72 /* Frameworks */ = {
			isa = PBXFrameworksBuildPhase;
			buildActionMask = 2147483647;
			files = (
			);
			runOnlyForDeploymentPostprocessing = 0;
		};
		5568E69F1B825E0300798D72 /* Frameworks */ = {
			isa = PBXFrameworksBuildPhase;
			buildActionMask = 2147483647;
			files = (
			);
			runOnlyForDeploymentPostprocessing = 0;
		};
/* End PBXFrameworksBuildPhase section */

/* Begin PBXGroup section */
		5568E6801B825E0300798D72 = {
			isa = PBXGroup;
			children = (
				5568E68B1B825E0300798D72 /* CoreDataStack */,
				5568E6A51B825E0400798D72 /* CoreDataStackTests */,
				5568E68A1B825E0300798D72 /* Products */,
			);
			sourceTree = "<group>";
		};
		5568E68A1B825E0300798D72 /* Products */ = {
			isa = PBXGroup;
			children = (
				5568E6891B825E0300798D72 /* CoreDataStack.app */,
				5568E6A21B825E0300798D72 /* CoreDataStackTests.xctest */,
			);
			name = Products;
			sourceTree = "<group>";
		};
		5568E68B1B825E0300798D72 /* CoreDataStack */ = {
			isa = PBXGroup;
			children = (
				55AA561F1B87F07100D9DEF8 /* UI */,
				55AA561E1B87F04E00D9DEF8 /* ViewControllers */,
				55AA561D1B87F01900D9DEF8 /* CoreData */,
				5568E6901B825E0300798D72 /* AppDelegate.h */,
				5568E6911B825E0300798D72 /* AppDelegate.m */,
				5568E6961B825E0300798D72 /* Main.storyboard */,
				5568E6991B825E0300798D72 /* Images.xcassets */,
				5568E69B1B825E0300798D72 /* LaunchScreen.xib */,
				5568E68C1B825E0300798D72 /* Supporting Files */,
			);
			path = CoreDataStack;
			sourceTree = "<group>";
		};
		5568E68C1B825E0300798D72 /* Supporting Files */ = {
			isa = PBXGroup;
			children = (
				5568E68D1B825E0300798D72 /* Info.plist */,
				5568E68E1B825E0300798D72 /* main.m */,
				5568E6B91B83CE6F00798D72 /* JALLog.h */,
			);
			name = "Supporting Files";
			sourceTree = "<group>";
		};
		5568E6A51B825E0400798D72 /* CoreDataStackTests */ = {
			isa = PBXGroup;
			children = (
				5568E6A81B825E0400798D72 /* CoreDataStackTests.m */,
				5568E6A61B825E0400798D72 /* Supporting Files */,
			);
			path = CoreDataStackTests;
			sourceTree = "<group>";
		};
		5568E6A61B825E0400798D72 /* Supporting Files */ = {
			isa = PBXGroup;
			children = (
				5568E6A71B825E0400798D72 /* Info.plist */,
			);
			name = "Supporting Files";
			sourceTree = "<group>";
		};
		55AA561D1B87F01900D9DEF8 /* CoreData */ = {
			isa = PBXGroup;
			children = (
				5568E6B51B82601800798D72 /* CoreDataStack.xcdatamodeld */,
				5568E6B21B825FD600798D72 /* JALCoreDataStack.h */,
				5568E6B31B825FD600798D72 /* JALCoreDataStack.m */,
				55AA561A1B87E86300D9DEF8 /* Type.h */,
				55AA561B1B87E86300D9DEF8 /* Type.m */,
				55AA56171B87E86300D9DEF8 /* RecipeImage.h */,
				55AA56181B87E86300D9DEF8 /* RecipeImage.m */,
				55AA56141B87E86300D9DEF8 /* Recipe.h */,
				55AA56151B87E86300D9DEF8 /* Recipe.m */,
				55AA56111B87E86200D9DEF8 /* RecipeIngredient.h */,
				55AA56121B87E86200D9DEF8 /* RecipeIngredient.m */,
			);
			name = CoreData;
			sourceTree = "<group>";
		};
		55AA561E1B87F04E00D9DEF8 /* ViewControllers */ = {
			isa = PBXGroup;
			children = (
				55AA560B1B87CE4600D9DEF8 /* JALTableViewController.h */,
				55AA560C1B87CE4600D9DEF8 /* JALTableViewController.m */,
				55AA56201B87F73500D9DEF8 /* JALDetailViewController.h */,
				55AA56211B87F73500D9DEF8 /* JALDetailViewController.m */,
			);
			name = ViewControllers;
			sourceTree = "<group>";
		};
		55AA561F1B87F07100D9DEF8 /* UI */ = {
			isa = PBXGroup;
			children = (
				55AA560E1B87CE6100D9DEF8 /* JALTableViewCell.h */,
				55AA560F1B87CE6100D9DEF8 /* JALTableViewCell.m */,
			);
			name = UI;
			sourceTree = "<group>";
		};
/* End PBXGroup section */

/* Begin PBXNativeTarget section */
		5568E6881B825E0300798D72 /* CoreDataStack */ = {
			isa = PBXNativeTarget;
			buildConfigurationList = 5568E6AC1B825E0400798D72 /* Build configuration list for PBXNativeTarget "CoreDataStack" */;
			buildPhases = (
				5568E6851B825E0300798D72 /* Sources */,
				5568E6861B825E0300798D72 /* Frameworks */,
				5568E6871B825E0300798D72 /* Resources */,
			);
			buildRules = (
			);
			dependencies = (
			);
			name = CoreDataStack;
			productName = CoreDataStack;
			productReference = 5568E6891B825E0300798D72 /* CoreDataStack.app */;
			productType = "com.apple.product-type.application";
		};
		5568E6A11B825E0300798D72 /* CoreDataStackTests */ = {
			isa = PBXNativeTarget;
			buildConfigurationList = 5568E6AF1B825E0400798D72 /* Build configuration list for PBXNativeTarget "CoreDataStackTests" */;
			buildPhases = (
				5568E69E1B825E0300798D72 /* Sources */,
				5568E69F1B825E0300798D72 /* Frameworks */,
				5568E6A01B825E0300798D72 /* Resources */,
			);
			buildRules = (
			);
			dependencies = (
				5568E6A41B825E0300798D72 /* PBXTargetDependency */,
			);
			name = CoreDataStackTests;
			productName = CoreDataStackTests;
			productReference = 5568E6A21B825E0300798D72 /* CoreDataStackTests.xctest */;
			productType = "com.apple.product-type.bundle.unit-test";
		};
/* End PBXNativeTarget section */

/* Begin PBXProject section */
		5568E6811B825E0300798D72 /* Project object */ = {
			isa = PBXProject;
			attributes = {
				CLASSPREFIX = JAL;
				LastUpgradeCheck = 0640;
				ORGANIZATIONNAME = "Jason Lew";
				TargetAttributes = {
					5568E6881B825E0300798D72 = {
						CreatedOnToolsVersion = 6.4;
					};
					5568E6A11B825E0300798D72 = {
						CreatedOnToolsVersion = 6.4;
						TestTargetID = 5568E6881B825E0300798D72;
					};
				};
			};
			buildConfigurationList = 5568E6841B825E0300798D72 /* Build configuration list for PBXProject "CoreDataStack" */;
			compatibilityVersion = "Xcode 3.2";
			developmentRegion = English;
			hasScannedForEncodings = 0;
			knownRegions = (
				en,
				Base,
			);
			mainGroup = 5568E6801B825E0300798D72;
			productRefGroup = 5568E68A1B825E0300798D72 /* Products */;
			projectDirPath = "";
			projectRoot = "";
			targets = (
				5568E6881B825E0300798D72 /* CoreDataStack */,
				5568E6A11B825E0300798D72 /* CoreDataStackTests */,
			);
		};
/* End PBXProject section */

/* Begin PBXResourcesBuildPhase section */
		5568E6871B825E0300798D72 /* Resources */ = {
			isa = PBXResourcesBuildPhase;
			buildActionMask = 2147483647;
			files = (
				5568E6981B825E0300798D72 /* Main.storyboard in Resources */,
				5568E69D1B825E0300798D72 /* LaunchScreen.xib in Resources */,
				5568E69A1B825E0300798D72 /* Images.xcassets in Resources */,
			);
			runOnlyForDeploymentPostprocessing = 0;
		};
		5568E6A01B825E0300798D72 /* Resources */ = {
			isa = PBXResourcesBuildPhase;
			buildActionMask = 2147483647;
			files = (
			);
			runOnlyForDeploymentPostprocessing = 0;
		};
/* End PBXResourcesBuildPhase section */

/* Begin PBXSourcesBuildPhase section */
		5568E6851B825E0300798D72 /* Sources */ = {
			isa = PBXSourcesBuildPhase;
			buildActionMask = 2147483647;
			files = (
				5568E6921B825E0300798D72 /* AppDelegate.m in Sources */,
				55AA56191B87E86300D9DEF8 /* RecipeImage.m in Sources */,
				55AA56101B87CE6100D9DEF8 /* JALTableViewCell.m in Sources */,
				55AA56221B87F73500D9DEF8 /* JALDetailViewController.m in Sources */,
				55AA560D1B87CE4600D9DEF8 /* JALTableViewController.m in Sources */,
				55AA56161B87E86300D9DEF8 /* Recipe.m in Sources */,
				55AA561C1B87E86300D9DEF8 /* Type.m in Sources */,
				5568E6B71B82601800798D72 /* CoreDataStack.xcdatamodeld in Sources */,
				5568E6B41B825FD600798D72 /* JALCoreDataStack.m in Sources */,
				55AA56131B87E86200D9DEF8 /* RecipeIngredient.m in Sources */,
				5568E68F1B825E0300798D72 /* main.m in Sources */,
			);
			runOnlyForDeploymentPostprocessing = 0;
		};
		5568E69E1B825E0300798D72 /* Sources */ = {
			isa = PBXSourcesBuildPhase;
			buildActionMask = 2147483647;
			files = (
				5568E6A91B825E0400798D72 /* CoreDataStackTests.m in Sources */,
			);
			runOnlyForDeploymentPostprocessing = 0;
		};
/* End PBXSourcesBuildPhase section */

/* Begin PBXTargetDependency section */
		5568E6A41B825E0300798D72 /* PBXTargetDependency */ = {
			isa = PBXTargetDependency;
			target = 5568E6881B825E0300798D72 /* CoreDataStack */;
			targetProxy = 5568E6A31B825E0300798D72 /* PBXContainerItemProxy */;
		};
/* End PBXTargetDependency section */

/* Begin PBXVariantGroup section */
		5568E6961B825E0300798D72 /* Main.storyboard */ = {
			isa = PBXVariantGroup;
			children = (
				5568E6971B825E0300798D72 /* Base */,
			);
			name = Main.storyboard;
			sourceTree = "<group>";
		};
		5568E69B1B825E0300798D72 /* LaunchScreen.xib */ = {
			isa = PBXVariantGroup;
			children = (
				5568E69C1B825E0300798D72 /* Base */,
			);
			name = LaunchScreen.xib;
			sourceTree = "<group>";
		};
/* End PBXVariantGroup section */

/* Begin XCBuildConfiguration section */
		5568E6AA1B825E0400798D72 /* Debug */ = {
			isa = XCBuildConfiguration;
			buildSettings = {
				ALWAYS_SEARCH_USER_PATHS = NO;
				CLANG_CXX_LANGUAGE_STANDARD = "gnu++0x";
				CLANG_CXX_LIBRARY = "libc++";
				CLANG_ENABLE_MODULES = YES;
				CLANG_ENABLE_OBJC_ARC = YES;
				CLANG_WARN_BOOL_CONVERSION = YES;
				CLANG_WARN_CONSTANT_CONVERSION = YES;
				CLANG_WARN_DIRECT_OBJC_ISA_USAGE = YES_ERROR;
				CLANG_WARN_EMPTY_BODY = YES;
				CLANG_WARN_ENUM_CONVERSION = YES;
				CLANG_WARN_INT_CONVERSION = YES;
				CLANG_WARN_OBJC_ROOT_CLASS = YES_ERROR;
				CLANG_WARN_UNREACHABLE_CODE = YES;
				CLANG_WARN__DUPLICATE_METHOD_MATCH = YES;
				"CODE_SIGN_IDENTITY[sdk=iphoneos*]" = "iPhone Developer";
				COPY_PHASE_STRIP = NO;
				DEBUG_INFORMATION_FORMAT = "dwarf-with-dsym";
				ENABLE_STRICT_OBJC_MSGSEND = YES;
				GCC_C_LANGUAGE_STANDARD = gnu99;
				GCC_DYNAMIC_NO_PIC = NO;
				GCC_NO_COMMON_BLOCKS = YES;
				GCC_OPTIMIZATION_LEVEL = 0;
				GCC_PREPROCESSOR_DEFINITIONS = (
					"DEBUG=1",
					"$(inherited)",
				);
				GCC_SYMBOLS_PRIVATE_EXTERN = NO;
				GCC_WARN_64_TO_32_BIT_CONVERSION = YES;
				GCC_WARN_ABOUT_RETURN_TYPE = YES_ERROR;
				GCC_WARN_UNDECLARED_SELECTOR = YES;
				GCC_WARN_UNINITIALIZED_AUTOS = YES_AGGRESSIVE;
				GCC_WARN_UNUSED_FUNCTION = YES;
				GCC_WARN_UNUSED_VARIABLE = YES;
				IPHONEOS_DEPLOYMENT_TARGET = 8.4;
				MTL_ENABLE_DEBUG_INFO = YES;
				ONLY_ACTIVE_ARCH = YES;
				SDKROOT = iphoneos;
				TARGETED_DEVICE_FAMILY = "1,2";
			};
			name = Debug;
		};
		5568E6AB1B825E0400798D72 /* Release */ = {
			isa = XCBuildConfiguration;
			buildSettings = {
				ALWAYS_SEARCH_USER_PATHS = NO;
				CLANG_CXX_LANGUAGE_STANDARD = "gnu++0x";
				CLANG_CXX_LIBRARY = "libc++";
				CLANG_ENABLE_MODULES = YES;
				CLANG_ENABLE_OBJC_ARC = YES;
				CLANG_WARN_BOOL_CONVERSION = YES;
				CLANG_WARN_CONSTANT_CONVERSION = YES;
				CLANG_WARN_DIRECT_OBJC_ISA_USAGE = YES_ERROR;
				CLANG_WARN_EMPTY_BODY = YES;
				CLANG_WARN_ENUM_CONVERSION = YES;
				CLANG_WARN_INT_CONVERSION = YES;
				CLANG_WARN_OBJC_ROOT_CLASS = YES_ERROR;
				CLANG_WARN_UNREACHABLE_CODE = YES;
				CLANG_WARN__DUPLICATE_METHOD_MATCH = YES;
				"CODE_SIGN_IDENTITY[sdk=iphoneos*]" = "iPhone Developer";
				COPY_PHASE_STRIP = NO;
				DEBUG_INFORMATION_FORMAT = "dwarf-with-dsym";
				ENABLE_NS_ASSERTIONS = NO;
				ENABLE_STRICT_OBJC_MSGSEND = YES;
				GCC_C_LANGUAGE_STANDARD = gnu99;
				GCC_NO_COMMON_BLOCKS = YES;
				GCC_WARN_64_TO_32_BIT_CONVERSION = YES;
				GCC_WARN_ABOUT_RETURN_TYPE = YES_ERROR;
				GCC_WARN_UNDECLARED_SELECTOR = YES;
				GCC_WARN_UNINITIALIZED_AUTOS = YES_AGGRESSIVE;
				GCC_WARN_UNUSED_FUNCTION = YES;
				GCC_WARN_UNUSED_VARIABLE = YES;
				IPHONEOS_DEPLOYMENT_TARGET = 8.4;
				MTL_ENABLE_DEBUG_INFO = NO;
				SDKROOT = iphoneos;
				TARGETED_DEVICE_FAMILY = "1,2";
				VALIDATE_PRODUCT = YES;
			};
			name = Release;
		};
		5568E6AD1B825E0400798D72 /* Debug */ = {
			isa = XCBuildConfiguration;
			buildSettings = {
				ASSETCATALOG_COMPILER_APPICON_NAME = AppIcon;
				INFOPLIST_FILE = CoreDataStack/Info.plist;
				IPHONEOS_DEPLOYMENT_TARGET = 8.0;
				LD_RUNPATH_SEARCH_PATHS = "$(inherited) @executable_path/Frameworks";
				PRODUCT_NAME = "$(TARGET_NAME)";
			};
			name = Debug;
		};
		5568E6AE1B825E0400798D72 /* Release */ = {
			isa = XCBuildConfiguration;
			buildSettings = {
				ASSETCATALOG_COMPILER_APPICON_NAME = AppIcon;
				INFOPLIST_FILE = CoreDataStack/Info.plist;
				IPHONEOS_DEPLOYMENT_TARGET = 8.0;
				LD_RUNPATH_SEARCH_PATHS = "$(inherited) @executable_path/Frameworks";
				PRODUCT_NAME = "$(TARGET_NAME)";
			};
			name = Release;
		};
		5568E6B01B825E0400798D72 /* Debug */ = {
			isa = XCBuildConfiguration;
			buildSettings = {
				BUNDLE_LOADER = "$(TEST_HOST)";
				FRAMEWORK_SEARCH_PATHS = (
					"$(SDKROOT)/Developer/Library/Frameworks",
					"$(inherited)",
				);
				GCC_PREPROCESSOR_DEFINITIONS = (
					"DEBUG=1",
					"$(inherited)",
				);
				INFOPLIST_FILE = CoreDataStackTests/Info.plist;
				LD_RUNPATH_SEARCH_PATHS = "$(inherited) @executable_path/Frameworks @loader_path/Frameworks";
				PRODUCT_NAME = "$(TARGET_NAME)";
				TEST_HOST = "$(BUILT_PRODUCTS_DIR)/CoreDataStack.app/CoreDataStack";
			};
			name = Debug;
		};
		5568E6B11B825E0400798D72 /* Release */ = {
			isa = XCBuildConfiguration;
			buildSettings = {
				BUNDLE_LOADER = "$(TEST_HOST)";
				FRAMEWORK_SEARCH_PATHS = (
					"$(SDKROOT)/Developer/Library/Frameworks",
					"$(inherited)",
				);
				INFOPLIST_FILE = CoreDataStackTests/Info.plist;
				LD_RUNPATH_SEARCH_PATHS = "$(inherited) @executable_path/Frameworks @loader_path/Frameworks";
				PRODUCT_NAME = "$(TARGET_NAME)";
				TEST_HOST = "$(BUILT_PRODUCTS_DIR)/CoreDataStack.app/CoreDataStack";
			};
			name = Release;
		};
/* End XCBuildConfiguration section */

/* Begin XCConfigurationList section */
		5568E6841B825E0300798D72 /* Build configuration list for PBXProject "CoreDataStack" */ = {
			isa = XCConfigurationList;
			buildConfigurations = (
				5568E6AA1B825E0400798D72 /* Debug */,
				5568E6AB1B825E0400798D72 /* Release */,
			);
			defaultConfigurationIsVisible = 0;
			defaultConfigurationName = Release;
		};
		5568E6AC1B825E0400798D72 /* Build configuration list for PBXNativeTarget "CoreDataStack" */ = {
			isa = XCConfigurationList;
			buildConfigurations = (
				5568E6AD1B825E0400798D72 /* Debug */,
				5568E6AE1B825E0400798D72 /* Release */,
			);
			defaultConfigurationIsVisible = 0;
			defaultConfigurationName = Release;
		};
		5568E6AF1B825E0400798D72 /* Build configuration list for PBXNativeTarget "CoreDataStackTests" */ = {
			isa = XCConfigurationList;
			buildConfigurations = (
				5568E6B01B825E0400798D72 /* Debug */,
				5568E6B11B825E0400798D72 /* Release */,
			);
			defaultConfigurationIsVisible = 0;
			defaultConfigurationName = Release;
		};
/* End XCConfigurationList section */

/* Begin XCVersionGroup section */
		5568E6B51B82601800798D72 /* CoreDataStack.xcdatamodeld */ = {
			isa = XCVersionGroup;
			children = (
				5568E6B61B82601800798D72 /* CoreDataStack.xcdatamodel */,
			);
			currentVersion = 5568E6B61B82601800798D72 /* CoreDataStack.xcdatamodel */;
			path = CoreDataStack.xcdatamodeld;
			sourceTree = "<group>";
			versionGroupType = wrapper.xcdatamodel;
		};
/* End XCVersionGroup section */
	};
	rootObject = 5568E6811B825E0300798D72 /* Project object */;
}
